
Microsoft Visual Studio Solution File, Format Version 12.00
# Visual Studio 14
VisualStudioVersion = 14.0.25420.1
MinimumVisualStudioVersion = 10.0.40219.1
Project("{2150E333-8FDC-42A3-9474-1A3956D46DE8}") = "app", "app", "{B2454FE7-AD0D-4B96-8334-72206F7DB82A}"
EndProject
Project("{2150E333-8FDC-42A3-9474-1A3956D46DE8}") = "Solution Items", "Solution Items", "{03660746-690D-45D1-9B26-F44C1B62BFD4}"
	ProjectSection(SolutionItems) = preProject
		global.json = global.json
		Local.testsettings = Local.testsettings
	EndProjectSection
EndProject
Project("{2150E333-8FDC-42A3-9474-1A3956D46DE8}") = ".tests", ".tests", "{26484654-C228-4DFF-A7B9-865E0D38385A}"
EndProject
Project("{8BB2217D-0F2D-49D1-97BC-3654ED321F3B}") = "Fingo.Auth.ManagementApp.Tests", "Fingo.Auth.ManagementApp.Tests\Fingo.Auth.ManagementApp.Tests.xproj", "{89C809F3-1E88-4E85-AA73-14F9BD21196A}"
EndProject
Project("{8BB2217D-0F2D-49D1-97BC-3654ED321F3B}") = "Fingo.Auth.AuthServer.Tests", "Fingo.Auth.AuthServer.Tests\Fingo.Auth.AuthServer.Tests.xproj", "{0D334938-DD0F-4C9A-98DD-11ECC31EDD8A}"
EndProject
Project("{8BB2217D-0F2D-49D1-97BC-3654ED321F3B}") = "Fingo.Auth.AuthServer", "Fingo.Auth.AuthServer\Fingo.Auth.AuthServer.xproj", "{F6E5F119-D2E5-4143-8CDE-81961ED79595}"
EndProject
Project("{8BB2217D-0F2D-49D1-97BC-3654ED321F3B}") = "Fingo.Auth.ManagementApp", "Fingo.Auth.ManagementApp\Fingo.Auth.ManagementApp.xproj", "{D3E65815-37EC-415B-BABA-A2C545010111}"
EndProject
Project("{8BB2217D-0F2D-49D1-97BC-3654ED321F3B}") = "Fingo.Auth.DbAccess", "Fingo.Auth.DbAccess\Fingo.Auth.DbAccess.xproj", "{8672E713-43AE-4C18-AC61-7AA6CCE007F1}"
EndProject
Project("{8BB2217D-0F2D-49D1-97BC-3654ED321F3B}") = "Fingo.Auth.DbAccess.Tests", "Fingo.Auth.DbAccess.Tests\Fingo.Auth.DbAccess.Tests.xproj", "{3E929AD9-1B9C-43AE-A4BE-2D59A4DE8664}"
EndProject
Project("{8BB2217D-0F2D-49D1-97BC-3654ED321F3B}") = "Fingo.Auth.Infrastructure", "Fingo.Auth.Infrastructure\Fingo.Auth.Infrastructure.xproj", "{D5550A0F-0291-4AAA-9B74-A61365F12A4E}"
EndProject
Project("{8BB2217D-0F2D-49D1-97BC-3654ED321F3B}") = "Fingo.Auth.Domain.Projects", "Fingo.Auth.Domain.Projects\Fingo.Auth.Domain.Projects.xproj", "{B9F58CF0-8646-46A9-A136-2E60F6382536}"
EndProject
Project("{8BB2217D-0F2D-49D1-97BC-3654ED321F3B}") = "Fingo.Auth.Domain.Projects.Tests", "Fingo.Auth.Domain.Projects.Tests\Fingo.Auth.Domain.Projects.Tests.xproj", "{ABDA31F4-74FD-4796-815E-5BC5458549FA}"
EndProject
Project("{2150E333-8FDC-42A3-9474-1A3956D46DE8}") = "domain", "domain", "{E96B67E8-F4B3-4FD9-ABB1-3AE4FA1CEDEF}"
EndProject
Project("{2150E333-8FDC-42A3-9474-1A3956D46DE8}") = "persistance", "persistance", "{B5D4AAF8-E9F0-43DA-A084-F92E180891DF}"
EndProject
Project("{2150E333-8FDC-42A3-9474-1A3956D46DE8}") = "core", "core", "{A5B923C7-031D-4455-BB4C-93B75CFC3646}"
EndProject
Project("{8BB2217D-0F2D-49D1-97BC-3654ED321F3B}") = "Fingo.Auth.Domain.Users", "Fingo.Auth.Domain.Users\Fingo.Auth.Domain.Users.xproj", "{E172CC72-CF9F-44E0-A8FD-0CC3405907AF}"
EndProject
Project("{8BB2217D-0F2D-49D1-97BC-3654ED321F3B}") = "Fingo.Auth.Domain.Users.Tests", "Fingo.Auth.Domain.Users.Tests\Fingo.Auth.Domain.Users.Tests.xproj", "{6CF27C4B-CCF6-4620-B156-9C91012C050D}"
EndProject
Project("{8BB2217D-0F2D-49D1-97BC-3654ED321F3B}") = "Fingo.Auth.Domain.Models", "Fingo.Auth.Domain.Models\Fingo.Auth.Domain.Models.xproj", "{D85B42E5-7899-4706-BF98-466EF190D499}"
EndProject
Project("{8BB2217D-0F2D-49D1-97BC-3654ED321F3B}") = "Fingo.Auth.Domain.Models.Tests", "Fingo.Auth.Domain.Models.Tests\Fingo.Auth.Domain.Models.Tests.xproj", "{56D79F7D-3CDA-4626-8C5A-EA8FF4199046}"
EndProject
Project("{8BB2217D-0F2D-49D1-97BC-3654ED321F3B}") = "Fingo.Auth.Domain.Infrastructure", "Fingo.Auth.Domain.Infrastructure\Fingo.Auth.Domain.Infrastructure.xproj", "{B9CCD964-08D7-4D93-85DD-476F5381F421}"
EndProject
Project("{8BB2217D-0F2D-49D1-97BC-3654ED321F3B}") = "Fingo.Auth.Domain.Infrastructure.Tests", "Fingo.Auth.Domain.Infrastructure.Tests\Fingo.Auth.Domain.Infrastructure.Tests.xproj", "{46EFE0B9-A3C6-4D59-8EAF-86A6EC7C05AB}"
EndProject
Project("{8BB2217D-0F2D-49D1-97BC-3654ED321F3B}") = "Fingo.Auth.JsonWrapper", "Fingo.Auth.JsonWrapper\Fingo.Auth.JsonWrapper.xproj", "{F8697BF1-7D74-46DC-ABA6-03F46F5D0230}"
EndProject
Project("{8BB2217D-0F2D-49D1-97BC-3654ED321F3B}") = "Fingo.Auth.AuthServer.Client", "Fingo.Auth.AuthServer.Client\Fingo.Auth.AuthServer.Client.xproj", "{BEB986C7-1AEC-4EC4-9B5D-B87EF2576E59}"
EndProject
Project("{8BB2217D-0F2D-49D1-97BC-3654ED321F3B}") = "Fingo.Auth.AuthServer.Client.Tests", "Fingo.Auth.AuthServer.Client.Tests\Fingo.Auth.AuthServer.Client.Tests.xproj", "{C92EFD83-B66A-4FE0-90EB-34F347E91DC1}"
EndProject
Project("{FAE04EC0-301F-11D3-BF4B-00C04F79EFBC}") = "Fingo.Auth.UiTests", "Fingo.Auth.UiTests\Fingo.Auth.UiTests.csproj", "{04AC73FB-A625-4A1A-8503-2843F40E97CC}"
EndProject
Project("{8BB2217D-0F2D-49D1-97BC-3654ED321F3B}") = "Fingo.Auth.Domain.Policies", "Fingo.Auth.Domain.Policies\Fingo.Auth.Domain.Policies.xproj", "{0A2C4D13-122C-4F79-8C44-22866646C922}"
EndProject
Project("{8BB2217D-0F2D-49D1-97BC-3654ED321F3B}") = "Fingo.Auth.Domain.Policies.Tests", "Fingo.Auth.Domain.Policies.Tests\Fingo.Auth.Domain.Policies.Tests.xproj", "{44D7C18B-D819-4F3C-B6F0-E44AA845EE48}"
EndProject
Project("{8BB2217D-0F2D-49D1-97BC-3654ED321F3B}") = "Fingo.Auth.Domain.CustomData", "Fingo.Auth.Domain.CustomData\Fingo.Auth.Domain.CustomData.xproj", "{7E719AF8-5438-40D7-8A90-276E0997D221}"
EndProject
Project("{8BB2217D-0F2D-49D1-97BC-3654ED321F3B}") = "Fingo.Auth.Domain.CustomData.Tests", "Fingo.Auth.Domain.CustomData.Tests\Fingo.Auth.Domain.CustomData.Tests.xproj", "{86E4DF40-7C11-4E59-99D6-41FB72141B05}"
EndProject
Project("{8BB2217D-0F2D-49D1-97BC-3654ED321F3B}") = "Fingo.Auth.Domain.AuditLogs", "Fingo.Auth.Domain.AuditLogs\Fingo.Auth.Domain.AuditLogs.xproj", "{72AF2400-571C-4A32-80DA-D779B04F1F29}"
EndProject
Project("{8BB2217D-0F2D-49D1-97BC-3654ED321F3B}") = "Fingo.Auth.Domain.AuditLogs.Tests", "Fingo.Auth.Domain.AuditLogs.Tests\Fingo.Auth.Domain.AuditLogs.Tests.xproj", "{AB2DBB60-0002-4C0B-8207-227BEFFEB45B}"
EndProject
Project("{FAE04EC0-301F-11D3-BF4B-00C04F79EFBC}") = "Fingo.Auth.AuthServer.PerformanceAndLoadTests", "Fingo.Auth.AuthServer.PerformanceAndLoadTests\Fingo.Auth.AuthServer.PerformanceAndLoadTests.csproj", "{7FF82060-3A6C-4DB3-A1D4-FDB02E4796F1}"
EndProject
Global
	GlobalSection(SolutionConfigurationPlatforms) = preSolution
		Debug|Any CPU = Debug|Any CPU
		Release|Any CPU = Release|Any CPU
	EndGlobalSection
	GlobalSection(ProjectConfigurationPlatforms) = postSolution
		{89C809F3-1E88-4E85-AA73-14F9BD21196A}.Debug|Any CPU.ActiveCfg = Debug|Any CPU
		{89C809F3-1E88-4E85-AA73-14F9BD21196A}.Debug|Any CPU.Build.0 = Debug|Any CPU
		{89C809F3-1E88-4E85-AA73-14F9BD21196A}.Release|Any CPU.ActiveCfg = Release|Any CPU
		{89C809F3-1E88-4E85-AA73-14F9BD21196A}.Release|Any CPU.Build.0 = Release|Any CPU
		{0D334938-DD0F-4C9A-98DD-11ECC31EDD8A}.Debug|Any CPU.ActiveCfg = Debug|Any CPU
		{0D334938-DD0F-4C9A-98DD-11ECC31EDD8A}.Debug|Any CPU.Build.0 = Debug|Any CPU
		{0D334938-DD0F-4C9A-98DD-11ECC31EDD8A}.Release|Any CPU.ActiveCfg = Release|Any CPU
		{0D334938-DD0F-4C9A-98DD-11ECC31EDD8A}.Release|Any CPU.Build.0 = Release|Any CPU
		{F6E5F119-D2E5-4143-8CDE-81961ED79595}.Debug|Any CPU.ActiveCfg = Debug|Any CPU
		{F6E5F119-D2E5-4143-8CDE-81961ED79595}.Debug|Any CPU.Build.0 = Debug|Any CPU
		{F6E5F119-D2E5-4143-8CDE-81961ED79595}.Release|Any CPU.ActiveCfg = Release|Any CPU
		{F6E5F119-D2E5-4143-8CDE-81961ED79595}.Release|Any CPU.Build.0 = Release|Any CPU
		{D3E65815-37EC-415B-BABA-A2C545010111}.Debug|Any CPU.ActiveCfg = Debug|Any CPU
		{D3E65815-37EC-415B-BABA-A2C545010111}.Debug|Any CPU.Build.0 = Debug|Any CPU
		{D3E65815-37EC-415B-BABA-A2C545010111}.Release|Any CPU.ActiveCfg = Release|Any CPU
		{D3E65815-37EC-415B-BABA-A2C545010111}.Release|Any CPU.Build.0 = Release|Any CPU
		{8672E713-43AE-4C18-AC61-7AA6CCE007F1}.Debug|Any CPU.ActiveCfg = Debug|Any CPU
		{8672E713-43AE-4C18-AC61-7AA6CCE007F1}.Debug|Any CPU.Build.0 = Debug|Any CPU
		{8672E713-43AE-4C18-AC61-7AA6CCE007F1}.Release|Any CPU.ActiveCfg = Release|Any CPU
		{8672E713-43AE-4C18-AC61-7AA6CCE007F1}.Release|Any CPU.Build.0 = Release|Any CPU
		{3E929AD9-1B9C-43AE-A4BE-2D59A4DE8664}.Debug|Any CPU.ActiveCfg = Debug|Any CPU
		{3E929AD9-1B9C-43AE-A4BE-2D59A4DE8664}.Debug|Any CPU.Build.0 = Debug|Any CPU
		{3E929AD9-1B9C-43AE-A4BE-2D59A4DE8664}.Release|Any CPU.ActiveCfg = Release|Any CPU
		{3E929AD9-1B9C-43AE-A4BE-2D59A4DE8664}.Release|Any CPU.Build.0 = Release|Any CPU
		{D5550A0F-0291-4AAA-9B74-A61365F12A4E}.Debug|Any CPU.ActiveCfg = Debug|Any CPU
		{D5550A0F-0291-4AAA-9B74-A61365F12A4E}.Debug|Any CPU.Build.0 = Debug|Any CPU
		{D5550A0F-0291-4AAA-9B74-A61365F12A4E}.Release|Any CPU.ActiveCfg = Release|Any CPU
		{D5550A0F-0291-4AAA-9B74-A61365F12A4E}.Release|Any CPU.Build.0 = Release|Any CPU
		{B9F58CF0-8646-46A9-A136-2E60F6382536}.Debug|Any CPU.ActiveCfg = Debug|Any CPU
		{B9F58CF0-8646-46A9-A136-2E60F6382536}.Debug|Any CPU.Build.0 = Debug|Any CPU
		{B9F58CF0-8646-46A9-A136-2E60F6382536}.Release|Any CPU.ActiveCfg = Release|Any CPU
		{B9F58CF0-8646-46A9-A136-2E60F6382536}.Release|Any CPU.Build.0 = Release|Any CPU
		{ABDA31F4-74FD-4796-815E-5BC5458549FA}.Debug|Any CPU.ActiveCfg = Debug|Any CPU
		{ABDA31F4-74FD-4796-815E-5BC5458549FA}.Debug|Any CPU.Build.0 = Debug|Any CPU
		{ABDA31F4-74FD-4796-815E-5BC5458549FA}.Release|Any CPU.ActiveCfg = Release|Any CPU
		{ABDA31F4-74FD-4796-815E-5BC5458549FA}.Release|Any CPU.Build.0 = Release|Any CPU
		{E172CC72-CF9F-44E0-A8FD-0CC3405907AF}.Debug|Any CPU.ActiveCfg = Debug|Any CPU
		{E172CC72-CF9F-44E0-A8FD-0CC3405907AF}.Debug|Any CPU.Build.0 = Debug|Any CPU
		{E172CC72-CF9F-44E0-A8FD-0CC3405907AF}.Release|Any CPU.ActiveCfg = Release|Any CPU
		{E172CC72-CF9F-44E0-A8FD-0CC3405907AF}.Release|Any CPU.Build.0 = Release|Any CPU
		{6CF27C4B-CCF6-4620-B156-9C91012C050D}.Debug|Any CPU.ActiveCfg = Debug|Any CPU
		{6CF27C4B-CCF6-4620-B156-9C91012C050D}.Debug|Any CPU.Build.0 = Debug|Any CPU
		{6CF27C4B-CCF6-4620-B156-9C91012C050D}.Release|Any CPU.ActiveCfg = Release|Any CPU
		{6CF27C4B-CCF6-4620-B156-9C91012C050D}.Release|Any CPU.Build.0 = Release|Any CPU
		{D85B42E5-7899-4706-BF98-466EF190D499}.Debug|Any CPU.ActiveCfg = Debug|Any CPU
		{D85B42E5-7899-4706-BF98-466EF190D499}.Debug|Any CPU.Build.0 = Debug|Any CPU
		{D85B42E5-7899-4706-BF98-466EF190D499}.Release|Any CPU.ActiveCfg = Release|Any CPU
		{D85B42E5-7899-4706-BF98-466EF190D499}.Release|Any CPU.Build.0 = Release|Any CPU
		{56D79F7D-3CDA-4626-8C5A-EA8FF4199046}.Debug|Any CPU.ActiveCfg = Debug|Any CPU
		{56D79F7D-3CDA-4626-8C5A-EA8FF4199046}.Debug|Any CPU.Build.0 = Debug|Any CPU
		{56D79F7D-3CDA-4626-8C5A-EA8FF4199046}.Release|Any CPU.ActiveCfg = Release|Any CPU
		{56D79F7D-3CDA-4626-8C5A-EA8FF4199046}.Release|Any CPU.Build.0 = Release|Any CPU
		{B9CCD964-08D7-4D93-85DD-476F5381F421}.Debug|Any CPU.ActiveCfg = Debug|Any CPU
		{B9CCD964-08D7-4D93-85DD-476F5381F421}.Debug|Any CPU.Build.0 = Debug|Any CPU
		{B9CCD964-08D7-4D93-85DD-476F5381F421}.Release|Any CPU.ActiveCfg = Release|Any CPU
		{B9CCD964-08D7-4D93-85DD-476F5381F421}.Release|Any CPU.Build.0 = Release|Any CPU
		{46EFE0B9-A3C6-4D59-8EAF-86A6EC7C05AB}.Debug|Any CPU.ActiveCfg = Debug|Any CPU
		{46EFE0B9-A3C6-4D59-8EAF-86A6EC7C05AB}.Debug|Any CPU.Build.0 = Debug|Any CPU
		{46EFE0B9-A3C6-4D59-8EAF-86A6EC7C05AB}.Release|Any CPU.ActiveCfg = Release|Any CPU
		{46EFE0B9-A3C6-4D59-8EAF-86A6EC7C05AB}.Release|Any CPU.Build.0 = Release|Any CPU
		{F8697BF1-7D74-46DC-ABA6-03F46F5D0230}.Debug|Any CPU.ActiveCfg = Debug|Any CPU
		{F8697BF1-7D74-46DC-ABA6-03F46F5D0230}.Debug|Any CPU.Build.0 = Debug|Any CPU
		{F8697BF1-7D74-46DC-ABA6-03F46F5D0230}.Release|Any CPU.ActiveCfg = Release|Any CPU
		{F8697BF1-7D74-46DC-ABA6-03F46F5D0230}.Release|Any CPU.Build.0 = Release|Any CPU
		{BEB986C7-1AEC-4EC4-9B5D-B87EF2576E59}.Debug|Any CPU.ActiveCfg = Debug|Any CPU
		{BEB986C7-1AEC-4EC4-9B5D-B87EF2576E59}.Debug|Any CPU.Build.0 = Debug|Any CPU
		{BEB986C7-1AEC-4EC4-9B5D-B87EF2576E59}.Release|Any CPU.ActiveCfg = Release|Any CPU
		{BEB986C7-1AEC-4EC4-9B5D-B87EF2576E59}.Release|Any CPU.Build.0 = Release|Any CPU
		{C92EFD83-B66A-4FE0-90EB-34F347E91DC1}.Debug|Any CPU.ActiveCfg = Debug|Any CPU
		{C92EFD83-B66A-4FE0-90EB-34F347E91DC1}.Debug|Any CPU.Build.0 = Debug|Any CPU
		{C92EFD83-B66A-4FE0-90EB-34F347E91DC1}.Release|Any CPU.ActiveCfg = Release|Any CPU
		{C92EFD83-B66A-4FE0-90EB-34F347E91DC1}.Release|Any CPU.Build.0 = Release|Any CPU
		{04AC73FB-A625-4A1A-8503-2843F40E97CC}.Debug|Any CPU.ActiveCfg = Debug|Any CPU
		{04AC73FB-A625-4A1A-8503-2843F40E97CC}.Debug|Any CPU.Build.0 = Debug|Any CPU
		{04AC73FB-A625-4A1A-8503-2843F40E97CC}.Release|Any CPU.ActiveCfg = Release|Any CPU
		{04AC73FB-A625-4A1A-8503-2843F40E97CC}.Release|Any CPU.Build.0 = Release|Any CPU
		{0A2C4D13-122C-4F79-8C44-22866646C922}.Debug|Any CPU.ActiveCfg = Debug|Any CPU
		{0A2C4D13-122C-4F79-8C44-22866646C922}.Debug|Any CPU.Build.0 = Debug|Any CPU
		{0A2C4D13-122C-4F79-8C44-22866646C922}.Release|Any CPU.ActiveCfg = Release|Any CPU
		{0A2C4D13-122C-4F79-8C44-22866646C922}.Release|Any CPU.Build.0 = Release|Any CPU
		{44D7C18B-D819-4F3C-B6F0-E44AA845EE48}.Debug|Any CPU.ActiveCfg = Debug|Any CPU
		{44D7C18B-D819-4F3C-B6F0-E44AA845EE48}.Debug|Any CPU.Build.0 = Debug|Any CPU
		{44D7C18B-D819-4F3C-B6F0-E44AA845EE48}.Release|Any CPU.ActiveCfg = Release|Any CPU
		{44D7C18B-D819-4F3C-B6F0-E44AA845EE48}.Release|Any CPU.Build.0 = Release|Any CPU
		{7E719AF8-5438-40D7-8A90-276E0997D221}.Debug|Any CPU.ActiveCfg = Debug|Any CPU
		{7E719AF8-5438-40D7-8A90-276E0997D221}.Debug|Any CPU.Build.0 = Debug|Any CPU
		{7E719AF8-5438-40D7-8A90-276E0997D221}.Release|Any CPU.ActiveCfg = Release|Any CPU
		{7E719AF8-5438-40D7-8A90-276E0997D221}.Release|Any CPU.Build.0 = Release|Any CPU
		{86E4DF40-7C11-4E59-99D6-41FB72141B05}.Debug|Any CPU.ActiveCfg = Debug|Any CPU
		{86E4DF40-7C11-4E59-99D6-41FB72141B05}.Debug|Any CPU.Build.0 = Debug|Any CPU
		{86E4DF40-7C11-4E59-99D6-41FB72141B05}.Release|Any CPU.ActiveCfg = Release|Any CPU
		{86E4DF40-7C11-4E59-99D6-41FB72141B05}.Release|Any CPU.Build.0 = Release|Any CPU
		{72AF2400-571C-4A32-80DA-D779B04F1F29}.Debug|Any CPU.ActiveCfg = Debug|Any CPU
		{72AF2400-571C-4A32-80DA-D779B04F1F29}.Debug|Any CPU.Build.0 = Debug|Any CPU
		{72AF2400-571C-4A32-80DA-D779B04F1F29}.Release|Any CPU.ActiveCfg = Release|Any CPU
		{72AF2400-571C-4A32-80DA-D779B04F1F29}.Release|Any CPU.Build.0 = Release|Any CPU
		{AB2DBB60-0002-4C0B-8207-227BEFFEB45B}.Debug|Any CPU.ActiveCfg = Debug|Any CPU
		{AB2DBB60-0002-4C0B-8207-227BEFFEB45B}.Debug|Any CPU.Build.0 = Debug|Any CPU
		{AB2DBB60-0002-4C0B-8207-227BEFFEB45B}.Release|Any CPU.ActiveCfg = Release|Any CPU
		{AB2DBB60-0002-4C0B-8207-227BEFFEB45B}.Release|Any CPU.Build.0 = Release|Any CPU
		{7FF82060-3A6C-4DB3-A1D4-FDB02E4796F1}.Debug|Any CPU.ActiveCfg = Debug|Any CPU
		{7FF82060-3A6C-4DB3-A1D4-FDB02E4796F1}.Debug|Any CPU.Build.0 = Debug|Any CPU
		{7FF82060-3A6C-4DB3-A1D4-FDB02E4796F1}.Release|Any CPU.ActiveCfg = Release|Any CPU
		{7FF82060-3A6C-4DB3-A1D4-FDB02E4796F1}.Release|Any CPU.Build.0 = Release|Any CPU
	EndGlobalSection
	GlobalSection(SolutionProperties) = preSolution
		HideSolutionNode = FALSE
	EndGlobalSection
	GlobalSection(NestedProjects) = preSolution
		{89C809F3-1E88-4E85-AA73-14F9BD21196A} = {26484654-C228-4DFF-A7B9-865E0D38385A}
		{0D334938-DD0F-4C9A-98DD-11ECC31EDD8A} = {26484654-C228-4DFF-A7B9-865E0D38385A}
		{F6E5F119-D2E5-4143-8CDE-81961ED79595} = {B2454FE7-AD0D-4B96-8334-72206F7DB82A}
		{D3E65815-37EC-415B-BABA-A2C545010111} = {B2454FE7-AD0D-4B96-8334-72206F7DB82A}
		{8672E713-43AE-4C18-AC61-7AA6CCE007F1} = {B5D4AAF8-E9F0-43DA-A084-F92E180891DF}
		{3E929AD9-1B9C-43AE-A4BE-2D59A4DE8664} = {26484654-C228-4DFF-A7B9-865E0D38385A}
		{D5550A0F-0291-4AAA-9B74-A61365F12A4E} = {A5B923C7-031D-4455-BB4C-93B75CFC3646}
		{B9F58CF0-8646-46A9-A136-2E60F6382536} = {E96B67E8-F4B3-4FD9-ABB1-3AE4FA1CEDEF}
		{ABDA31F4-74FD-4796-815E-5BC5458549FA} = {26484654-C228-4DFF-A7B9-865E0D38385A}
		{E172CC72-CF9F-44E0-A8FD-0CC3405907AF} = {E96B67E8-F4B3-4FD9-ABB1-3AE4FA1CEDEF}
		{6CF27C4B-CCF6-4620-B156-9C91012C050D} = {26484654-C228-4DFF-A7B9-865E0D38385A}
		{D85B42E5-7899-4706-BF98-466EF190D499} = {E96B67E8-F4B3-4FD9-ABB1-3AE4FA1CEDEF}
		{56D79F7D-3CDA-4626-8C5A-EA8FF4199046} = {26484654-C228-4DFF-A7B9-865E0D38385A}
		{B9CCD964-08D7-4D93-85DD-476F5381F421} = {E96B67E8-F4B3-4FD9-ABB1-3AE4FA1CEDEF}
		{46EFE0B9-A3C6-4D59-8EAF-86A6EC7C05AB} = {26484654-C228-4DFF-A7B9-865E0D38385A}
		{F8697BF1-7D74-46DC-ABA6-03F46F5D0230} = {A5B923C7-031D-4455-BB4C-93B75CFC3646}
		{BEB986C7-1AEC-4EC4-9B5D-B87EF2576E59} = {A5B923C7-031D-4455-BB4C-93B75CFC3646}
		{C92EFD83-B66A-4FE0-90EB-34F347E91DC1} = {26484654-C228-4DFF-A7B9-865E0D38385A}
		{04AC73FB-A625-4A1A-8503-2843F40E97CC} = {26484654-C228-4DFF-A7B9-865E0D38385A}
		{0A2C4D13-122C-4F79-8C44-22866646C922} = {E96B67E8-F4B3-4FD9-ABB1-3AE4FA1CEDEF}
		{44D7C18B-D819-4F3C-B6F0-E44AA845EE48} = {26484654-C228-4DFF-A7B9-865E0D38385A}
		{7E719AF8-5438-40D7-8A90-276E0997D221} = {E96B67E8-F4B3-4FD9-ABB1-3AE4FA1CEDEF}
		{86E4DF40-7C11-4E59-99D6-41FB72141B05} = {26484654-C228-4DFF-A7B9-865E0D38385A}
		{72AF2400-571C-4A32-80DA-D779B04F1F29} = {E96B67E8-F4B3-4FD9-ABB1-3AE4FA1CEDEF}
		{AB2DBB60-0002-4C0B-8207-227BEFFEB45B} = {26484654-C228-4DFF-A7B9-865E0D38385A}
		{7FF82060-3A6C-4DB3-A1D4-FDB02E4796F1} = {26484654-C228-4DFF-A7B9-865E0D38385A}
	EndGlobalSection
EndGlobal
